{
  "name": "googletrans",
  "version": "0.0.3",
  "lockfileVersion": 1,
  "requires": true,
  "dependencies": {
    "@types/node": {
      "version": "13.13.4",
      "resolved": "https://registry.npm.taobao.org/@types/node/download/@types/node-13.13.4.tgz?cache=0&sync_timestamp=1588201510948&other_urls=https%3A%2F%2Fregistry.npm.taobao.org%2F%40types%2Fnode%2Fdownload%2F%40types%2Fnode-13.13.4.tgz",
      "integrity": "sha1-FYHWwW49SAPrB5yH1KyJPudQHCw=",
      "dev": true
    },
    "@types/qs": {
      "version": "6.9.1",
      "resolved": "https://registry.npm.taobao.org/@types/qs/download/@types/qs-6.9.1.tgz?cache=0&sync_timestamp=1588202411252&other_urls=https%3A%2F%2Fregistry.npm.taobao.org%2F%40types%2Fqs%2Fdownload%2F%40types%2Fqs-6.9.1.tgz",
      "integrity": "sha1-k3+rMZR2YlbuCfzUC3gXQHWGF+c="
    },
    "axios": {
      "version": "0.19.2",
      "resolved": "https://registry.npm.taobao.org/axios/download/axios-0.19.2.tgz",
      "integrity": "sha1-PqNsXYgY0NX4qKl6bTa4bNwAyyc=",
      "requires": {
        "follow-redirects": "1.5.10"
      }
    },
    "debug": {
      "version": "3.1.0",
      "resolved": "https://registry.npm.taobao.org/debug/download/debug-3.1.0.tgz",
      "integrity": "sha1-W7WgZyYotkFJVmuhaBnmFRjGcmE=",
      "requires": {
        "ms": "2.0.0"
      }
    },
    "follow-redirects": {
      "version": "1.5.10",
      "resolved": "https://registry.npm.taobao.org/follow-redirects/download/follow-redirects-1.5.10.tgz?cache=0&sync_timestamp=1585479417937&other_urls=https%3A%2F%2Fregistry.npm.taobao.org%2Ffollow-redirects%2Fdownload%2Ffollow-redirects-1.5.10.tgz",
      "integrity": "sha1-e3qfmuov3/NnhqlP9kPtB/T/Xio=",
      "requires": {
        "debug": "=3.1.0"
      }
    },
    "ms": {
      "version": "2.0.0",
      "resolved": "https://registry.npm.taobao.org/ms/download/ms-2.0.0.tgz",
      "integrity": "sha1-VgiurfwAvmwpAd9fmGF4jeDVl8g="
    },
    "qs": {
      "version": "6.9.3",
      "resolved": "https://registry.npm.taobao.org/qs/download/qs-6.9.3.tgz",
      "integrity": "sha1-v63NKWwtVJ8d/6VgYZEyyXf1AI4="
    },
    "typescript": {
      "version": "3.8.3",
      "resolved": "https://registry.npm.taobao.org/typescript/download/typescript-3.8.3.tgz?cache=0&sync_timestamp=1588230937370&other_urls=https%3A%2F%2Fregistry.npm.taobao.org%2Ftypescript%2Fdownload%2Ftypescript-3.8.3.tgz",
      "integrity": "sha1-QJ64VE6gM1cRIFhp7EWKsQnuEGE=",
      "dev": true
    }
  }
}
